Microsoft Visual Studio Solution File, Format Version 11.00
# Visual Studio 2010
Project("{FAE04EC0-301F-11D3-BF4B-00C04F79EFBC}") = "MOBZHunt", "MOBZHunt\MOBZHunt.csproj", "{C45D4B0E-0484-4D33-A4CE-087875629006}"
EndProject
Project("{54435603-DBB4-11D2-8724-00A0C9A8B90C}") = "MOBZHuntSetup", "MOBZHuntSetup\MOBZHuntSetup.vdproj", "{193FC217-CE37-4D1B-AB25-41A8FFC7C38D}"
EndProject
Global
	GlobalSection(SolutionConfigurationPlatforms) = preSolution
		Debug|Any CPU = Debug|Any CPU
		Release|Any CPU = Release|Any CPU
	EndGlobalSection
	GlobalSection(ProjectConfigurationPlatforms) = postSolution
		{C45D4B0E-0484-4D33-A4CE-087875629006}.Debug|Any CPU.ActiveCfg = Debug|Any CPU
		{C45D4B0E-0484-4D33-A4CE-087875629006}.Debug|Any CPU.Build.0 = Debug|Any CPU
		{C45D4B0E-0484-4D33-A4CE-087875629006}.Release|Any CPU.ActiveCfg = Release|Any CPU
		{C45D4B0E-0484-4D33-A4CE-087875629006}.Release|Any CPU.Build.0 = Release|Any CPU
		{193FC217-CE37-4D1B-AB25-41A8FFC7C38D}.Debug|Any CPU.ActiveCfg = Debug
		{193FC217-CE37-4D1B-AB25-41A8FFC7C38D}.Debug|Any CPU.Build.0 = Debug
		{193FC217-CE37-4D1B-AB25-41A8FFC7C38D}.Release|Any CPU.ActiveCfg = Release
		{193FC217-CE37-4D1B-AB25-41A8FFC7C38D}.Release|Any CPU.Build.0 = Release
	EndGlobalSection
	GlobalSection(SolutionProperties) = preSolution
		HideSolutionNode = FALSE
	EndGlobalSection
EndGlobal
